{
  "name": "package-test",
  "lockfileVersion": 3,
  "requires": true,
  "packages": {
    "": {
      "dependencies": {
        "i45": "^0.0.3"
      }
    },
    "node_modules/i45": {
      "version": "0.0.3",
      "resolved": "https://registry.npmjs.org/i45/-/i45-0.0.3.tgz",
      "integrity": "sha512-SzgMLaBVurWswWa6uNWbQQWI2IHDmNYRyRXBvrFz4I7XgnHsk/3AyQeHjybFbWvsR8T5WT43hsd02Y5ls7WHQg==",
      "license": "MIT"
    }
  }
}
