{
  "name": "package-test",
  "lockfileVersion": 3,
  "requires": true,
  "packages": {
    "": {
      "dependencies": {
        "i45": "^0.0.7"
      }
    },
    "node_modules/i45": {
      "version": "0.0.7",
      "resolved": "https://registry.npmjs.org/i45/-/i45-0.0.7.tgz",
      "integrity": "sha512-QdD9T/16vvyx5kj6knyC35xEvsS5mg/4U3m3uTghi/0ZcJosY9olHTMGM0l5jzSP+/nZmAxCHpHQeUXhasGcEg==",
      "license": "MIT"
    }
  }
}
